
Microsoft Visual Studio Solution File, Format Version 12.00
# Visual Studio 15
VisualStudioVersion = 15.0.27004.2010
MinimumVisualStudioVersion = 10.0.40219.1
Project("{FAE04EC0-301F-11D3-BF4B-00C04F79EFBC}") = "CustomizeSelectResourceDialog", "CustomizeSelectResourceDialog\CustomizeSelectResourceDialog.csproj", "{DBFACE35-1F35-49A9-BF9E-36F87D3DBC7E}"
EndProject
Global
	GlobalSection(SolutionConfigurationPlatforms) = preSolution
		Debug|Any CPU = Debug|Any CPU
		Release|Any CPU = Release|Any CPU
	EndGlobalSection
	GlobalSection(ProjectConfigurationPlatforms) = postSolution
		{DBFACE35-1F35-49A9-BF9E-36F87D3DBC7E}.Debug|Any CPU.ActiveCfg = Debug|Any CPU
		{DBFACE35-1F35-49A9-BF9E-36F87D3DBC7E}.Debug|Any CPU.Build.0 = Debug|Any CPU
		{DBFACE35-1F35-49A9-BF9E-36F87D3DBC7E}.Release|Any CPU.ActiveCfg = Release|Any CPU
		{DBFACE35-1F35-49A9-BF9E-36F87D3DBC7E}.Release|Any CPU.Build.0 = Release|Any CPU
	EndGlobalSection
	GlobalSection(SolutionProperties) = preSolution
		HideSolutionNode = FALSE
	EndGlobalSection
	GlobalSection(ExtensibilityGlobals) = postSolution
		SolutionGuid = {C5E7592B-81A2-4ECF-A68C-BBC6C5D44CE2}
	EndGlobalSection
EndGlobal
